
Microsoft Visual Studio Solution File, Format Version 12.00
# Visual Studio Version 17
VisualStudioVersion = 17.13.35931.197
MinimumVisualStudioVersion = 10.0.40219.1
Project("{FAE04EC0-301F-11D3-BF4B-00C04F79EFBC}") = "PostMessage.NET", "PostMessage.NET\PostMessage.NET.csproj", "{A1E569CA-DDDF-49AD-82F8-B8F30BF139AF}"
EndProject
Project("{FAE04EC0-301F-11D3-BF4B-00C04F79EFBC}") = "PostMessage.NET.GUI", "PostMessage.NET.GUI\PostMessage.NET.GUI.csproj", "{DB0200E6-6B0A-496E-94FC-45A5151F429E}"
	ProjectSection(ProjectDependencies) = postProject
		{A1E569CA-DDDF-49AD-82F8-B8F30BF139AF} = {A1E569CA-DDDF-49AD-82F8-B8F30BF139AF}
	EndProjectSection
EndProject
Project("{FAE04EC0-301F-11D3-BF4B-00C04F79EFBC}") = "PostMessage.NET.WPF", "PostMessage.NET.WPF\PostMessage.NET.WPF.csproj", "{8F280B92-538E-4016-885B-B3CC392D8E64}"
	ProjectSection(ProjectDependencies) = postProject
		{A1E569CA-DDDF-49AD-82F8-B8F30BF139AF} = {A1E569CA-DDDF-49AD-82F8-B8F30BF139AF}
	EndProjectSection
EndProject
Project("{FAE04EC0-301F-11D3-BF4B-00C04F79EFBC}") = "PostMessage.NET.Avalonia", "PostMessage.NET.Avalonia\PostMessage.NET.Avalonia.csproj", "{33BD6B32-372D-32E3-E4B9-012DDAF542C2}"
EndProject
Global
	GlobalSection(SolutionConfigurationPlatforms) = preSolution
		Debug|Any CPU = Debug|Any CPU
		Release|Any CPU = Release|Any CPU
	EndGlobalSection
	GlobalSection(ProjectConfigurationPlatforms) = postSolution
		{A1E569CA-DDDF-49AD-82F8-B8F30BF139AF}.Debug|Any CPU.ActiveCfg = Debug|Any CPU
		{A1E569CA-DDDF-49AD-82F8-B8F30BF139AF}.Debug|Any CPU.Build.0 = Debug|Any CPU
		{A1E569CA-DDDF-49AD-82F8-B8F30BF139AF}.Release|Any CPU.ActiveCfg = Release|Any CPU
		{A1E569CA-DDDF-49AD-82F8-B8F30BF139AF}.Release|Any CPU.Build.0 = Release|Any CPU
		{DB0200E6-6B0A-496E-94FC-45A5151F429E}.Debug|Any CPU.ActiveCfg = Debug|Any CPU
		{DB0200E6-6B0A-496E-94FC-45A5151F429E}.Debug|Any CPU.Build.0 = Debug|Any CPU
		{DB0200E6-6B0A-496E-94FC-45A5151F429E}.Release|Any CPU.ActiveCfg = Release|Any CPU
		{DB0200E6-6B0A-496E-94FC-45A5151F429E}.Release|Any CPU.Build.0 = Release|Any CPU
		{8F280B92-538E-4016-885B-B3CC392D8E64}.Debug|Any CPU.ActiveCfg = Debug|Any CPU
		{8F280B92-538E-4016-885B-B3CC392D8E64}.Debug|Any CPU.Build.0 = Debug|Any CPU
		{8F280B92-538E-4016-885B-B3CC392D8E64}.Release|Any CPU.ActiveCfg = Release|Any CPU
		{8F280B92-538E-4016-885B-B3CC392D8E64}.Release|Any CPU.Build.0 = Release|Any CPU
		{33BD6B32-372D-32E3-E4B9-012DDAF542C2}.Debug|Any CPU.ActiveCfg = Debug|Any CPU
		{33BD6B32-372D-32E3-E4B9-012DDAF542C2}.Debug|Any CPU.Build.0 = Debug|Any CPU
		{33BD6B32-372D-32E3-E4B9-012DDAF542C2}.Release|Any CPU.ActiveCfg = Release|Any CPU
		{33BD6B32-372D-32E3-E4B9-012DDAF542C2}.Release|Any CPU.Build.0 = Release|Any CPU
	EndGlobalSection
	GlobalSection(SolutionProperties) = preSolution
		HideSolutionNode = FALSE
	EndGlobalSection
EndGlobal
